
Microsoft Visual Studio Solution File, Format Version 12.00
# Visual Studio Version 17
VisualStudioVersion = 17.5.002.0
MinimumVisualStudioVersion = 10.0.40219.1
Project("{9A19103F-16F7-4668-BE54-9A1E7A4F7556}") = "MOFile", "src\MOFile.csproj", "{4348E0A9-5A4E-418D-B63D-48FB59DA8E82}"
EndProject
Project("{9A19103F-16F7-4668-BE54-9A1E7A4F7556}") = "Tests", "Tests\Tests.csproj", "{73A99FAB-B6AE-43D2-B26F-2946C09EAEC6}"
EndProject
Global
	GlobalSection(SolutionConfigurationPlatforms) = preSolution
		Debug|Any CPU = Debug|Any CPU
		Release|Any CPU = Release|Any CPU
	EndGlobalSection
	GlobalSection(ProjectConfigurationPlatforms) = postSolution
		{4348E0A9-5A4E-418D-B63D-48FB59DA8E82}.Debug|Any CPU.ActiveCfg = Debug|Any CPU
		{4348E0A9-5A4E-418D-B63D-48FB59DA8E82}.Debug|Any CPU.Build.0 = Debug|Any CPU
		{4348E0A9-5A4E-418D-B63D-48FB59DA8E82}.Release|Any CPU.ActiveCfg = Release|Any CPU
		{4348E0A9-5A4E-418D-B63D-48FB59DA8E82}.Release|Any CPU.Build.0 = Release|Any CPU
		{73A99FAB-B6AE-43D2-B26F-2946C09EAEC6}.Debug|Any CPU.ActiveCfg = Debug|Any CPU
		{73A99FAB-B6AE-43D2-B26F-2946C09EAEC6}.Debug|Any CPU.Build.0 = Debug|Any CPU
		{73A99FAB-B6AE-43D2-B26F-2946C09EAEC6}.Release|Any CPU.ActiveCfg = Release|Any CPU
		{73A99FAB-B6AE-43D2-B26F-2946C09EAEC6}.Release|Any CPU.Build.0 = Release|Any CPU
	EndGlobalSection
	GlobalSection(SolutionProperties) = preSolution
		HideSolutionNode = FALSE
	EndGlobalSection
	GlobalSection(ExtensibilityGlobals) = postSolution
		SolutionGuid = {B3AF14C6-7E69-4826-B73B-53AF97065970}
	EndGlobalSection
EndGlobal
